
Microsoft Visual Studio Solution File, Format Version 12.00
# Visual Studio 2017
Project("{FAE04EC0-301F-11D3-BF4B-00C04F79EFBC}") = "OpenFlightsCLI", "OpenFlightsCLI.csproj", "{592CC271-DF68-457E-BEB2-A80353E25CB6}"
EndProject
Global
	GlobalSection(SolutionConfigurationPlatforms) = preSolution
		Debug|Any CPU = Debug|Any CPU
		Release|Any CPU = Release|Any CPU
	EndGlobalSection
	GlobalSection(ProjectConfigurationPlatforms) = postSolution
		{592CC271-DF68-457E-BEB2-A80353E25CB6}.Debug|Any CPU.ActiveCfg = Debug|Any CPU
		{592CC271-DF68-457E-BEB2-A80353E25CB6}.Debug|Any CPU.Build.0 = Debug|Any CPU
		{592CC271-DF68-457E-BEB2-A80353E25CB6}.Release|Any CPU.ActiveCfg = Release|Any CPU
		{592CC271-DF68-457E-BEB2-A80353E25CB6}.Release|Any CPU.Build.0 = Release|Any CPU
	EndGlobalSection
EndGlobal
